
Microsoft Visual Studio Solution File, Format Version 12.00
# Visual Studio 15
Project("{FAE04EC0-301F-11D3-BF4B-00C04F79EFBC}") = "zadatak5", "zadatak5\zadatak5.csproj", "{F513C2FA-19F9-4AE3-8404-341500576DF2}"
EndProject
Global
	GlobalSection(SolutionConfigurationPlatforms) = preSolution
		Debug|Any CPU = Debug|Any CPU
		Release|Any CPU = Release|Any CPU
	EndGlobalSection
	GlobalSection(ProjectConfigurationPlatforms) = postSolution
		{F513C2FA-19F9-4AE3-8404-341500576DF2}.Debug|Any CPU.ActiveCfg = Debug|Any CPU
		{F513C2FA-19F9-4AE3-8404-341500576DF2}.Debug|Any CPU.Build.0 = Debug|Any CPU
		{F513C2FA-19F9-4AE3-8404-341500576DF2}.Release|Any CPU.ActiveCfg = Release|Any CPU
		{F513C2FA-19F9-4AE3-8404-341500576DF2}.Release|Any CPU.Build.0 = Release|Any CPU
	EndGlobalSection
EndGlobal
